
Microsoft Visual Studio Solution File, Format Version 12.00
# Visual Studio Version 16
VisualStudioVersion = 16.0.30717.126
MinimumVisualStudioVersion = 10.0.40219.1
Project("{FAE04EC0-301F-11D3-BF4B-00C04F79EFBC}") = "StudentsWebsite", "StudentsWebsite\StudentsWebsite.csproj", "{50CA7445-D97C-4331-8741-D74C0B5BC077}"
EndProject
Project("{FAE04EC0-301F-11D3-BF4B-00C04F79EFBC}") = "StudentsWebsite.Core", "StudentsWebsite.Core\StudentsWebsite.Core.csproj", "{AD037D63-63B9-4780-820F-6170F527C1D8}"
EndProject
Project("{FAE04EC0-301F-11D3-BF4B-00C04F79EFBC}") = "StudentsWebsite.DataAccess", "StudentsWebsite.DataAccess\StudentsWebsite.DataAccess.csproj", "{A4761F08-BD4D-43A2-A4CA-38B537CB75E0}"
EndProject
Global
	GlobalSection(SolutionConfigurationPlatforms) = preSolution
		Debug|Any CPU = Debug|Any CPU
		Release|Any CPU = Release|Any CPU
	EndGlobalSection
	GlobalSection(ProjectConfigurationPlatforms) = postSolution
		{50CA7445-D97C-4331-8741-D74C0B5BC077}.Debug|Any CPU.ActiveCfg = Debug|Any CPU
		{50CA7445-D97C-4331-8741-D74C0B5BC077}.Debug|Any CPU.Build.0 = Debug|Any CPU
		{50CA7445-D97C-4331-8741-D74C0B5BC077}.Release|Any CPU.ActiveCfg = Release|Any CPU
		{50CA7445-D97C-4331-8741-D74C0B5BC077}.Release|Any CPU.Build.0 = Release|Any CPU
		{AD037D63-63B9-4780-820F-6170F527C1D8}.Debug|Any CPU.ActiveCfg = Debug|Any CPU
		{AD037D63-63B9-4780-820F-6170F527C1D8}.Debug|Any CPU.Build.0 = Debug|Any CPU
		{AD037D63-63B9-4780-820F-6170F527C1D8}.Release|Any CPU.ActiveCfg = Release|Any CPU
		{AD037D63-63B9-4780-820F-6170F527C1D8}.Release|Any CPU.Build.0 = Release|Any CPU
		{A4761F08-BD4D-43A2-A4CA-38B537CB75E0}.Debug|Any CPU.ActiveCfg = Debug|Any CPU
		{A4761F08-BD4D-43A2-A4CA-38B537CB75E0}.Debug|Any CPU.Build.0 = Debug|Any CPU
		{A4761F08-BD4D-43A2-A4CA-38B537CB75E0}.Release|Any CPU.ActiveCfg = Release|Any CPU
		{A4761F08-BD4D-43A2-A4CA-38B537CB75E0}.Release|Any CPU.Build.0 = Release|Any CPU
	EndGlobalSection
	GlobalSection(SolutionProperties) = preSolution
		HideSolutionNode = FALSE
	EndGlobalSection
	GlobalSection(ExtensibilityGlobals) = postSolution
		SolutionGuid = {58845C23-3912-42A9-AE89-A8C959E4033D}
	EndGlobalSection
EndGlobal
