
Microsoft Visual Studio Solution File, Format Version 12.00
# Visual Studio Version 16
VisualStudioVersion = 16.0.30717.126
MinimumVisualStudioVersion = 10.0.40219.1
Project("{FAE04EC0-301F-11D3-BF4B-00C04F79EFBC}") = "StudentsWebsite", "StudentsWebsite.csproj", "{D0808423-3A23-4F6E-95FC-7C7D0240C18D}"
EndProject
Global
	GlobalSection(SolutionConfigurationPlatforms) = preSolution
		Debug|Any CPU = Debug|Any CPU
		Release|Any CPU = Release|Any CPU
	EndGlobalSection
	GlobalSection(ProjectConfigurationPlatforms) = postSolution
		{D0808423-3A23-4F6E-95FC-7C7D0240C18D}.Debug|Any CPU.ActiveCfg = Debug|Any CPU
		{D0808423-3A23-4F6E-95FC-7C7D0240C18D}.Debug|Any CPU.Build.0 = Debug|Any CPU
		{D0808423-3A23-4F6E-95FC-7C7D0240C18D}.Release|Any CPU.ActiveCfg = Release|Any CPU
		{D0808423-3A23-4F6E-95FC-7C7D0240C18D}.Release|Any CPU.Build.0 = Release|Any CPU
	EndGlobalSection
	GlobalSection(SolutionProperties) = preSolution
		HideSolutionNode = FALSE
	EndGlobalSection
	GlobalSection(ExtensibilityGlobals) = postSolution
		SolutionGuid = {2AE15621-455B-4D7A-84D8-CB021392D309}
	EndGlobalSection
EndGlobal
